# generated by rye
# use `rye lock` or `rye sync` to update this lockfile
#
# last locked with the following flags:
#   pre: false
#   features: []
#   all-features: false
#   with-sources: false

-e file:.
markdown-it-py==3.0.0
mdurl==0.1.2
pillow==10.2.0
pygments==2.17.2
rich==13.7.0
typing-extensions==4.9.0
